
Microsoft Visual Studio Solution File, Format Version 12.00
# Visual Studio 15
VisualStudioVersion = 15.0.28307.102
MinimumVisualStudioVersion = 10.0.40219.1
Project("{8BC9CEB8-8B4A-11D0-8D11-00A0C91BC942}") = "sample000", "sample000\sample000.vcxproj", "{8AE57DD4-0ABA-4F9A-A704-F50519A8FA7F}"
EndProject
Project("{8BC9CEB8-8B4A-11D0-8D11-00A0C91BC942}") = "sample01-invert_list", "sample01-invert_list\sample01-invert_list.vcxproj", "{A5AFFF8C-66FF-41F6-93E3-8F380DCCC654}"
EndProject
Project("{8BC9CEB8-8B4A-11D0-8D11-00A0C91BC942}") = "sample02-find2skipped", "sample02-find2skipped\sample02-find2skipped.vcxproj", "{1EE1EDDE-31F7-4B0B-B41A-7FDA9572611B}"
EndProject
Global
	GlobalSection(SolutionConfigurationPlatforms) = preSolution
		Debug|x64 = Debug|x64
		Debug|x86 = Debug|x86
		Release|x64 = Release|x64
		Release|x86 = Release|x86
	EndGlobalSection
	GlobalSection(ProjectConfigurationPlatforms) = postSolution
		{8AE57DD4-0ABA-4F9A-A704-F50519A8FA7F}.Debug|x64.ActiveCfg = Debug|x64
		{8AE57DD4-0ABA-4F9A-A704-F50519A8FA7F}.Debug|x64.Build.0 = Debug|x64
		{8AE57DD4-0ABA-4F9A-A704-F50519A8FA7F}.Debug|x86.ActiveCfg = Debug|Win32
		{8AE57DD4-0ABA-4F9A-A704-F50519A8FA7F}.Debug|x86.Build.0 = Debug|Win32
		{8AE57DD4-0ABA-4F9A-A704-F50519A8FA7F}.Release|x64.ActiveCfg = Release|x64
		{8AE57DD4-0ABA-4F9A-A704-F50519A8FA7F}.Release|x64.Build.0 = Release|x64
		{8AE57DD4-0ABA-4F9A-A704-F50519A8FA7F}.Release|x86.ActiveCfg = Release|Win32
		{8AE57DD4-0ABA-4F9A-A704-F50519A8FA7F}.Release|x86.Build.0 = Release|Win32
		{A5AFFF8C-66FF-41F6-93E3-8F380DCCC654}.Debug|x64.ActiveCfg = Debug|x64
		{A5AFFF8C-66FF-41F6-93E3-8F380DCCC654}.Debug|x64.Build.0 = Debug|x64
		{A5AFFF8C-66FF-41F6-93E3-8F380DCCC654}.Debug|x86.ActiveCfg = Debug|Win32
		{A5AFFF8C-66FF-41F6-93E3-8F380DCCC654}.Debug|x86.Build.0 = Debug|Win32
		{A5AFFF8C-66FF-41F6-93E3-8F380DCCC654}.Release|x64.ActiveCfg = Release|x64
		{A5AFFF8C-66FF-41F6-93E3-8F380DCCC654}.Release|x64.Build.0 = Release|x64
		{A5AFFF8C-66FF-41F6-93E3-8F380DCCC654}.Release|x86.ActiveCfg = Release|Win32
		{A5AFFF8C-66FF-41F6-93E3-8F380DCCC654}.Release|x86.Build.0 = Release|Win32
		{1EE1EDDE-31F7-4B0B-B41A-7FDA9572611B}.Debug|x64.ActiveCfg = Debug|x64
		{1EE1EDDE-31F7-4B0B-B41A-7FDA9572611B}.Debug|x64.Build.0 = Debug|x64
		{1EE1EDDE-31F7-4B0B-B41A-7FDA9572611B}.Debug|x86.ActiveCfg = Debug|Win32
		{1EE1EDDE-31F7-4B0B-B41A-7FDA9572611B}.Debug|x86.Build.0 = Debug|Win32
		{1EE1EDDE-31F7-4B0B-B41A-7FDA9572611B}.Release|x64.ActiveCfg = Release|x64
		{1EE1EDDE-31F7-4B0B-B41A-7FDA9572611B}.Release|x64.Build.0 = Release|x64
		{1EE1EDDE-31F7-4B0B-B41A-7FDA9572611B}.Release|x86.ActiveCfg = Release|Win32
		{1EE1EDDE-31F7-4B0B-B41A-7FDA9572611B}.Release|x86.Build.0 = Release|Win32
	EndGlobalSection
	GlobalSection(SolutionProperties) = preSolution
		HideSolutionNode = FALSE
	EndGlobalSection
	GlobalSection(ExtensibilityGlobals) = postSolution
		SolutionGuid = {88F18E04-5287-4E71-B4E5-2089335651F0}
	EndGlobalSection
EndGlobal
